// !$*UTF8*$!
{
	archiveVersion = 1;
	classes = {
	};
	objectVersion = 54;
	objects = {

/* Begin PBXBuildFile section */
		079B7AED7258473092118FE7 /* Inter-BoldItalic.otf in Resources */ = {isa = PBXBuildFile; fileRef = 28031BBB8739428C9CA94D03 /* Inter-BoldItalic.otf */; };
		0984AD642FA0404DB8C1FF70 /* Inter-Thin.otf in Resources */ = {isa = PBXBuildFile; fileRef = 6429C6D24EBB4069900DC9BE /* Inter-Thin.otf */; };
		0C8ABFFE7A40459EABAF0E10 /* Inter-Light.otf in Resources */ = {isa = PBXBuildFile; fileRef = 1482931A9322486CA88A6737 /* Inter-Light.otf */; };
		17497A695F0C4C0989D2A1DC /* Inter-SemiBoldItalic.otf in Resources */ = {isa = PBXBuildFile; fileRef = C96C63C51FAC446292F6A9AE /* Inter-SemiBoldItalic.otf */; };
		26E193C13EDC470A95BAD14C /* slkscr.ttf in Resources */ = {isa = PBXBuildFile; fileRef = C0FC7F5BD4F34620A928342D /* slkscr.ttf */; };
		2D5D493EEB5A47C79F85BFA6 /* Inter-Regular.otf in Resources */ = {isa = PBXBuildFile; fileRef = 9BE2F329E24D4693A8169040 /* Inter-Regular.otf */; };
		31ED9EC9DD6A70C157831B0E /* libPods-app-macOS.a in Frameworks */ = {isa = PBXBuildFile; fileRef = 1EF6AEC7124C38FFE11BE7FE /* libPods-app-macOS.a */; };
		4376B774F7A6483CB5ABEB6F /* Inter-SemiBold.otf in Resources */ = {isa = PBXBuildFile; fileRef = D772DD45E53347268452DC17 /* Inter-SemiBold.otf */; };
		45E61921399C4AC080829AC3 /* Inter-LightItalic.otf in Resources */ = {isa = PBXBuildFile; fileRef = 333A107A0674466EA391B9E6 /* Inter-LightItalic.otf */; };
		48FAC420B7714B25BF2F1AFD /* Inter-Black.otf in Resources */ = {isa = PBXBuildFile; fileRef = 7A43DB744C764C7B89BF1BC1 /* Inter-Black.otf */; };
		514201522437B4B40078DB4F /* Assets.xcassets in Resources */ = {isa = PBXBuildFile; fileRef = 514201512437B4B40078DB4F /* Assets.xcassets */; };
		514201552437B4B40078DB4F /* Main.storyboard in Resources */ = {isa = PBXBuildFile; fileRef = 514201532437B4B40078DB4F /* Main.storyboard */; };
		6597E88B9B254ED180405B7B /* Inter-ExtraBold.otf in Resources */ = {isa = PBXBuildFile; fileRef = 16D0D740095640BFA16501A0 /* Inter-ExtraBold.otf */; };
		68C71452E00543CDAE424EB6 /* Inter-Bold.otf in Resources */ = {isa = PBXBuildFile; fileRef = 7A3737F9972D4F949BF6D0B2 /* Inter-Bold.otf */; };
		6A0EAA632C9C9D1700D15362 /* MacAppDelegate.mm in Sources */ = {isa = PBXBuildFile; fileRef = 6A0EAA622C9C9CD800D15362 /* MacAppDelegate.mm */; };
		6A0EAA682C9FAB9C00D15362 /* LaunchAtLogin in Frameworks */ = {isa = PBXBuildFile; productRef = 6A0EAA672C9FAB9C00D15362 /* LaunchAtLogin */; };
		6A5C07262B6D766000DE9FFD /* AppDelegate.swift in Sources */ = {isa = PBXBuildFile; fileRef = 6A5C07252B6D766000DE9FFD /* AppDelegate.swift */; };
		6A5C07292B6DE16A00DE9FFD /* AppBridge.swift in Sources */ = {isa = PBXBuildFile; fileRef = 6A5C07282B6DE16A00DE9FFD /* AppBridge.swift */; };
		6A5C072E2B6ECD9F00DE9FFD /* NativeAppBridge.mm in Sources */ = {isa = PBXBuildFile; fileRef = 6A5C072D2B6ECD9F00DE9FFD /* NativeAppBridge.mm */; };
		77CDBF7E79E8926D1C043FC6 /* PrivacyInfo.xcprivacy in Resources */ = {isa = PBXBuildFile; fileRef = DBEEE3A8CBEF39AA8BEA0761 /* PrivacyInfo.xcprivacy */; };
		853B41492E5F4C6399FEB570 /* Inter-ExtraBoldItalic.otf in Resources */ = {isa = PBXBuildFile; fileRef = 37B7B02C71AD49C19FBDE847 /* Inter-ExtraBoldItalic.otf */; };
		8D07192ECFC34111B46CB072 /* slkscrb.ttf in Resources */ = {isa = PBXBuildFile; fileRef = E5C128FCFBC34908ACCA3CC1 /* slkscrb.ttf */; };
		93E2D85E9113BDDC750C09FD /* PrivacyInfo.xcprivacy in Resources */ = {isa = PBXBuildFile; fileRef = 21EF6E1C0D2A2E9627B4BD7C /* PrivacyInfo.xcprivacy */; };
		96F29F1D022E4A818117F9D9 /* slkscr.woff in Resources */ = {isa = PBXBuildFile; fileRef = FF05143D536D4E71A41730EB /* slkscr.woff */; };
		A266CC5800914C44BBF75162 /* Inter-ExtraLight.otf in Resources */ = {isa = PBXBuildFile; fileRef = AF3B6928162F4C6AAE9E2B64 /* Inter-ExtraLight.otf */; };
		BAB6E9EA8E3F453C8248FEAC /* Inter-ExtraLightItalic.otf in Resources */ = {isa = PBXBuildFile; fileRef = F847477F549C4C3C9DA4C006 /* Inter-ExtraLightItalic.otf */; };
		BFAC216587EC41859FC35685 /* Inter-MediumItalic.otf in Resources */ = {isa = PBXBuildFile; fileRef = E4C9430145DB4D70A75363EA /* Inter-MediumItalic.otf */; };
		D4086249BAA149708F7F43B6 /* Inter-Italic.otf in Resources */ = {isa = PBXBuildFile; fileRef = EA6BD176AFAC4A5BB90B6F37 /* Inter-Italic.otf */; };
		D648F2E27B0843AA98FFEF36 /* Inter-ThinItalic.otf in Resources */ = {isa = PBXBuildFile; fileRef = 2B8B1EA51E41410AA883F6F9 /* Inter-ThinItalic.otf */; };
		DC9472ABEC48492FBC98B253 /* Inter-BlackItalic.otf in Resources */ = {isa = PBXBuildFile; fileRef = A98BDEEB24A24926989B2B2F /* Inter-BlackItalic.otf */; };
		E739698AE59D4D1289CB02E5 /* Inter-Medium.otf in Resources */ = {isa = PBXBuildFile; fileRef = 8E5C210243D5498186415160 /* Inter-Medium.otf */; };
/* End PBXBuildFile section */

/* Begin PBXFileReference section */
		13B07F961A680F5B00A75B9A /* app.app */ = {isa = PBXFileReference; explicitFileType = wrapper.application; includeInIndex = 0; path = app.app; sourceTree = BUILT_PRODUCTS_DIR; };
		1482931A9322486CA88A6737 /* Inter-Light.otf */ = {isa = PBXFileReference; explicitFileType = undefined; fileEncoding = 9; includeInIndex = 0; lastKnownFileType = unknown; name = "Inter-Light.otf"; path = "../node_modules/@tamagui/font-inter/otf/Inter-Light.otf"; sourceTree = "<group>"; };
		16D0D740095640BFA16501A0 /* Inter-ExtraBold.otf */ = {isa = PBXFileReference; explicitFileType = undefined; fileEncoding = 9; includeInIndex = 0; lastKnownFileType = unknown; name = "Inter-ExtraBold.otf"; path = "../node_modules/@tamagui/font-inter/otf/Inter-ExtraBold.otf"; sourceTree = "<group>"; };
		1EF6AEC7124C38FFE11BE7FE /* libPods-app-macOS.a */ = {isa = PBXFileReference; explicitFileType = archive.ar; includeInIndex = 0; path = "libPods-app-macOS.a"; sourceTree = BUILT_PRODUCTS_DIR; };
		21EF6E1C0D2A2E9627B4BD7C /* PrivacyInfo.xcprivacy */ = {isa = PBXFileReference; includeInIndex = 1; lastKnownFileType = text.xml; name = PrivacyInfo.xcprivacy; path = ../PrivacyInfo.xcprivacy; sourceTree = "<group>"; };
		28031BBB8739428C9CA94D03 /* Inter-BoldItalic.otf */ = {isa = PBXFileReference; explicitFileType = undefined; fileEncoding = 9; includeInIndex = 0; lastKnownFileType = unknown; name = "Inter-BoldItalic.otf"; path = "../node_modules/@tamagui/font-inter/otf/Inter-BoldItalic.otf"; sourceTree = "<group>"; };
		2B8B1EA51E41410AA883F6F9 /* Inter-ThinItalic.otf */ = {isa = PBXFileReference; explicitFileType = undefined; fileEncoding = 9; includeInIndex = 0; lastKnownFileType = unknown; name = "Inter-ThinItalic.otf"; path = "../node_modules/@tamagui/font-inter/otf/Inter-ThinItalic.otf"; sourceTree = "<group>"; };
		333A107A0674466EA391B9E6 /* Inter-LightItalic.otf */ = {isa = PBXFileReference; explicitFileType = undefined; fileEncoding = 9; includeInIndex = 0; lastKnownFileType = unknown; name = "Inter-LightItalic.otf"; path = "../node_modules/@tamagui/font-inter/otf/Inter-LightItalic.otf"; sourceTree = "<group>"; };
		37B7B02C71AD49C19FBDE847 /* Inter-ExtraBoldItalic.otf */ = {isa = PBXFileReference; explicitFileType = undefined; fileEncoding = 9; includeInIndex = 0; lastKnownFileType = unknown; name = "Inter-ExtraBoldItalic.otf"; path = "../node_modules/@tamagui/font-inter/otf/Inter-ExtraBoldItalic.otf"; sourceTree = "<group>"; };
		514201492437B4B30078DB4F /* app.app */ = {isa = PBXFileReference; explicitFileType = wrapper.application; includeInIndex = 0; path = app.app; sourceTree = BUILT_PRODUCTS_DIR; };
		514201512437B4B40078DB4F /* Assets.xcassets */ = {isa = PBXFileReference; lastKnownFileType = folder.assetcatalog; path = Assets.xcassets; sourceTree = "<group>"; };
		514201542437B4B40078DB4F /* Base */ = {isa = PBXFileReference; lastKnownFileType = file.storyboard; name = Base; path = Base.lproj/Main.storyboard; sourceTree = "<group>"; };
		514201562437B4B40078DB4F /* Info.plist */ = {isa = PBXFileReference; lastKnownFileType = text.plist.xml; path = Info.plist; sourceTree = "<group>"; };
		514201592437B4B40078DB4F /* app.entitlements */ = {isa = PBXFileReference; lastKnownFileType = text.plist.entitlements; path = app.entitlements; sourceTree = "<group>"; };
		6429C6D24EBB4069900DC9BE /* Inter-Thin.otf */ = {isa = PBXFileReference; explicitFileType = undefined; fileEncoding = 9; includeInIndex = 0; lastKnownFileType = unknown; name = "Inter-Thin.otf"; path = "../node_modules/@tamagui/font-inter/otf/Inter-Thin.otf"; sourceTree = "<group>"; };
		6A0EAA622C9C9CD800D15362 /* MacAppDelegate.mm */ = {isa = PBXFileReference; lastKnownFileType = sourcecode.cpp.objcpp; path = MacAppDelegate.mm; sourceTree = "<group>"; };
		6A0EAA642C9C9D1C00D15362 /* MacAppDelegate.h */ = {isa = PBXFileReference; lastKnownFileType = sourcecode.c.h; path = MacAppDelegate.h; sourceTree = "<group>"; };
		6A0EAA652C9DDB7E00D15362 /* NativeAppBridge.h */ = {isa = PBXFileReference; lastKnownFileType = sourcecode.c.h; path = NativeAppBridge.h; sourceTree = "<group>"; };
		6A5C07242B6D766000DE9FFD /* app-macOS-Bridging-Header.h */ = {isa = PBXFileReference; lastKnownFileType = sourcecode.c.h; path = "app-macOS-Bridging-Header.h"; sourceTree = "<group>"; };
		6A5C07252B6D766000DE9FFD /* AppDelegate.swift */ = {isa = PBXFileReference; lastKnownFileType = sourcecode.swift; path = AppDelegate.swift; sourceTree = "<group>"; };
		6A5C07282B6DE16A00DE9FFD /* AppBridge.swift */ = {isa = PBXFileReference; lastKnownFileType = sourcecode.swift; path = AppBridge.swift; sourceTree = "<group>"; };
		6A5C072D2B6ECD9F00DE9FFD /* NativeAppBridge.mm */ = {isa = PBXFileReference; fileEncoding = 4; lastKnownFileType = sourcecode.cpp.objcpp; path = NativeAppBridge.mm; sourceTree = "<group>"; };
		7A3737F9972D4F949BF6D0B2 /* Inter-Bold.otf */ = {isa = PBXFileReference; explicitFileType = undefined; fileEncoding = 9; includeInIndex = 0; lastKnownFileType = unknown; name = "Inter-Bold.otf"; path = "../node_modules/@tamagui/font-inter/otf/Inter-Bold.otf"; sourceTree = "<group>"; };
		7A43DB744C764C7B89BF1BC1 /* Inter-Black.otf */ = {isa = PBXFileReference; explicitFileType = undefined; fileEncoding = 9; includeInIndex = 0; lastKnownFileType = unknown; name = "Inter-Black.otf"; path = "../node_modules/@tamagui/font-inter/otf/Inter-Black.otf"; sourceTree = "<group>"; };
		818AFAFCE2DE4473C592EA48 /* Pods-app-macOS.debug.xcconfig */ = {isa = PBXFileReference; includeInIndex = 1; lastKnownFileType = text.xcconfig; name = "Pods-app-macOS.debug.xcconfig"; path = "Target Support Files/Pods-app-macOS/Pods-app-macOS.debug.xcconfig"; sourceTree = "<group>"; };
		8E5C210243D5498186415160 /* Inter-Medium.otf */ = {isa = PBXFileReference; explicitFileType = undefined; fileEncoding = 9; includeInIndex = 0; lastKnownFileType = unknown; name = "Inter-Medium.otf"; path = "../node_modules/@tamagui/font-inter/otf/Inter-Medium.otf"; sourceTree = "<group>"; };
		9BE2F329E24D4693A8169040 /* Inter-Regular.otf */ = {isa = PBXFileReference; explicitFileType = undefined; fileEncoding = 9; includeInIndex = 0; lastKnownFileType = unknown; name = "Inter-Regular.otf"; path = "../node_modules/@tamagui/font-inter/otf/Inter-Regular.otf"; sourceTree = "<group>"; };
		A98BDEEB24A24926989B2B2F /* Inter-BlackItalic.otf */ = {isa = PBXFileReference; explicitFileType = undefined; fileEncoding = 9; includeInIndex = 0; lastKnownFileType = unknown; name = "Inter-BlackItalic.otf"; path = "../node_modules/@tamagui/font-inter/otf/Inter-BlackItalic.otf"; sourceTree = "<group>"; };
		AF3B6928162F4C6AAE9E2B64 /* Inter-ExtraLight.otf */ = {isa = PBXFileReference; explicitFileType = undefined; fileEncoding = 9; includeInIndex = 0; lastKnownFileType = unknown; name = "Inter-ExtraLight.otf"; path = "../node_modules/@tamagui/font-inter/otf/Inter-ExtraLight.otf"; sourceTree = "<group>"; };
		C0FC7F5BD4F34620A928342D /* slkscr.ttf */ = {isa = PBXFileReference; explicitFileType = undefined; fileEncoding = 9; includeInIndex = 0; lastKnownFileType = unknown; name = slkscr.ttf; path = "../node_modules/@tamagui/font-silkscreen/files/slkscr.ttf"; sourceTree = "<group>"; };
		C96C63C51FAC446292F6A9AE /* Inter-SemiBoldItalic.otf */ = {isa = PBXFileReference; explicitFileType = undefined; fileEncoding = 9; includeInIndex = 0; lastKnownFileType = unknown; name = "Inter-SemiBoldItalic.otf"; path = "../node_modules/@tamagui/font-inter/otf/Inter-SemiBoldItalic.otf"; sourceTree = "<group>"; };
		D086D7CC1B6D9BF93794DE2A /* Pods-app-macOS.release.xcconfig */ = {isa = PBXFileReference; includeInIndex = 1; lastKnownFileType = text.xcconfig; name = "Pods-app-macOS.release.xcconfig"; path = "Target Support Files/Pods-app-macOS/Pods-app-macOS.release.xcconfig"; sourceTree = "<group>"; };
		D772DD45E53347268452DC17 /* Inter-SemiBold.otf */ = {isa = PBXFileReference; explicitFileType = undefined; fileEncoding = 9; includeInIndex = 0; lastKnownFileType = unknown; name = "Inter-SemiBold.otf"; path = "../node_modules/@tamagui/font-inter/otf/Inter-SemiBold.otf"; sourceTree = "<group>"; };
		DBEEE3A8CBEF39AA8BEA0761 /* PrivacyInfo.xcprivacy */ = {isa = PBXFileReference; includeInIndex = 1; lastKnownFileType = text.xml; path = PrivacyInfo.xcprivacy; sourceTree = "<group>"; };
		E4C9430145DB4D70A75363EA /* Inter-MediumItalic.otf */ = {isa = PBXFileReference; explicitFileType = undefined; fileEncoding = 9; includeInIndex = 0; lastKnownFileType = unknown; name = "Inter-MediumItalic.otf"; path = "../node_modules/@tamagui/font-inter/otf/Inter-MediumItalic.otf"; sourceTree = "<group>"; };
		E5C128FCFBC34908ACCA3CC1 /* slkscrb.ttf */ = {isa = PBXFileReference; explicitFileType = undefined; fileEncoding = 9; includeInIndex = 0; lastKnownFileType = unknown; name = slkscrb.ttf; path = "../node_modules/@tamagui/font-silkscreen/files/slkscrb.ttf"; sourceTree = "<group>"; };
		EA6BD176AFAC4A5BB90B6F37 /* Inter-Italic.otf */ = {isa = PBXFileReference; explicitFileType = undefined; fileEncoding = 9; includeInIndex = 0; lastKnownFileType = unknown; name = "Inter-Italic.otf"; path = "../node_modules/@tamagui/font-inter/otf/Inter-Italic.otf"; sourceTree = "<group>"; };
		ED297162215061F000B7C4FE /* JavaScriptCore.framework */ = {isa = PBXFileReference; lastKnownFileType = wrapper.framework; name = JavaScriptCore.framework; path = System/Library/Frameworks/JavaScriptCore.framework; sourceTree = SDKROOT; };
		F847477F549C4C3C9DA4C006 /* Inter-ExtraLightItalic.otf */ = {isa = PBXFileReference; explicitFileType = undefined; fileEncoding = 9; includeInIndex = 0; lastKnownFileType = unknown; name = "Inter-ExtraLightItalic.otf"; path = "../node_modules/@tamagui/font-inter/otf/Inter-ExtraLightItalic.otf"; sourceTree = "<group>"; };
		FF05143D536D4E71A41730EB /* slkscr.woff */ = {isa = PBXFileReference; explicitFileType = undefined; fileEncoding = 9; includeInIndex = 0; lastKnownFileType = unknown; name = slkscr.woff; path = "../node_modules/@tamagui/font-silkscreen/files/slkscr.woff"; sourceTree = "<group>"; };
/* End PBXFileReference section */

/* Begin PBXFrameworksBuildPhase section */
		13B07F8C1A680F5B00A75B9A /* Frameworks */ = {
			isa = PBXFrameworksBuildPhase;
			buildActionMask = 2147483647;
			files = (
			);
			runOnlyForDeploymentPostprocessing = 0;
		};
		514201462437B4B30078DB4F /* Frameworks */ = {
			isa = PBXFrameworksBuildPhase;
			buildActionMask = 2147483647;
			files = (
				6A0EAA682C9FAB9C00D15362 /* LaunchAtLogin in Frameworks */,
				31ED9EC9DD6A70C157831B0E /* libPods-app-macOS.a in Frameworks */,
			);
			runOnlyForDeploymentPostprocessing = 0;
		};
/* End PBXFrameworksBuildPhase section */

/* Begin PBXGroup section */
		2D16E6871FA4F8E400B85C8A /* Frameworks */ = {
			isa = PBXGroup;
			children = (
				ED297162215061F000B7C4FE /* JavaScriptCore.framework */,
				1EF6AEC7124C38FFE11BE7FE /* libPods-app-macOS.a */,
			);
			name = Frameworks;
			sourceTree = "<group>";
		};
		5142014A2437B4B30078DB4F /* app-macOS */ = {
			isa = PBXGroup;
			children = (
				6A0EAA652C9DDB7E00D15362 /* NativeAppBridge.h */,
				6A0EAA642C9C9D1C00D15362 /* MacAppDelegate.h */,
				6A0EAA622C9C9CD800D15362 /* MacAppDelegate.mm */,
				6A5C072D2B6ECD9F00DE9FFD /* NativeAppBridge.mm */,
				514201512437B4B40078DB4F /* Assets.xcassets */,
				514201532437B4B40078DB4F /* Main.storyboard */,
				514201562437B4B40078DB4F /* Info.plist */,
				514201592437B4B40078DB4F /* app.entitlements */,
				6A5C07252B6D766000DE9FFD /* AppDelegate.swift */,
				6A5C07242B6D766000DE9FFD /* app-macOS-Bridging-Header.h */,
				6A5C07282B6DE16A00DE9FFD /* AppBridge.swift */,
				21EF6E1C0D2A2E9627B4BD7C /* PrivacyInfo.xcprivacy */,
			);
			path = "app-macOS";
			sourceTree = "<group>";
		};
		578152EC8B0844DBA3BDC8D6 /* Resources */ = {
			isa = PBXGroup;
			children = (
				7A43DB744C764C7B89BF1BC1 /* Inter-Black.otf */,
				A98BDEEB24A24926989B2B2F /* Inter-BlackItalic.otf */,
				7A3737F9972D4F949BF6D0B2 /* Inter-Bold.otf */,
				28031BBB8739428C9CA94D03 /* Inter-BoldItalic.otf */,
				16D0D740095640BFA16501A0 /* Inter-ExtraBold.otf */,
				37B7B02C71AD49C19FBDE847 /* Inter-ExtraBoldItalic.otf */,
				AF3B6928162F4C6AAE9E2B64 /* Inter-ExtraLight.otf */,
				F847477F549C4C3C9DA4C006 /* Inter-ExtraLightItalic.otf */,
				EA6BD176AFAC4A5BB90B6F37 /* Inter-Italic.otf */,
				1482931A9322486CA88A6737 /* Inter-Light.otf */,
				333A107A0674466EA391B9E6 /* Inter-LightItalic.otf */,
				8E5C210243D5498186415160 /* Inter-Medium.otf */,
				E4C9430145DB4D70A75363EA /* Inter-MediumItalic.otf */,
				9BE2F329E24D4693A8169040 /* Inter-Regular.otf */,
				D772DD45E53347268452DC17 /* Inter-SemiBold.otf */,
				C96C63C51FAC446292F6A9AE /* Inter-SemiBoldItalic.otf */,
				6429C6D24EBB4069900DC9BE /* Inter-Thin.otf */,
				2B8B1EA51E41410AA883F6F9 /* Inter-ThinItalic.otf */,
				C0FC7F5BD4F34620A928342D /* slkscr.ttf */,
				E5C128FCFBC34908ACCA3CC1 /* slkscrb.ttf */,
				FF05143D536D4E71A41730EB /* slkscr.woff */,
			);
			name = Resources;
			sourceTree = "<group>";
		};
		6DC4A2536AF9578F38AB3AF1 /* Pods */ = {
			isa = PBXGroup;
			children = (
				818AFAFCE2DE4473C592EA48 /* Pods-app-macOS.debug.xcconfig */,
				D086D7CC1B6D9BF93794DE2A /* Pods-app-macOS.release.xcconfig */,
			);
			path = Pods;
			sourceTree = "<group>";
		};
		832341AE1AAA6A7D00B99B32 /* Libraries */ = {
			isa = PBXGroup;
			children = (
			);
			name = Libraries;
			sourceTree = "<group>";
		};
		83CBB9F61A601CBA00E9B192 = {
			isa = PBXGroup;
			children = (
				5142014A2437B4B30078DB4F /* app-macOS */,
				832341AE1AAA6A7D00B99B32 /* Libraries */,
				83CBBA001A601CBA00E9B192 /* Products */,
				2D16E6871FA4F8E400B85C8A /* Frameworks */,
				6DC4A2536AF9578F38AB3AF1 /* Pods */,
				578152EC8B0844DBA3BDC8D6 /* Resources */,
				DBEEE3A8CBEF39AA8BEA0761 /* PrivacyInfo.xcprivacy */,
			);
			indentWidth = 2;
			sourceTree = "<group>";
			tabWidth = 2;
			usesTabs = 0;
		};
		83CBBA001A601CBA00E9B192 /* Products */ = {
			isa = PBXGroup;
			children = (
				13B07F961A680F5B00A75B9A /* app.app */,
				514201492437B4B30078DB4F /* app.app */,
			);
			name = Products;
			sourceTree = "<group>";
		};
/* End PBXGroup section */

/* Begin PBXNativeTarget section */
		13B07F861A680F5B00A75B9A /* app-iOS */ = {
			isa = PBXNativeTarget;
			buildConfigurationList = 13B07F931A680F5B00A75B9A /* Build configuration list for PBXNativeTarget "app-iOS" */;
			buildPhases = (
				FD10A7F022414F080027D42C /* Start Packager */,
				13B07F871A680F5B00A75B9A /* Sources */,
				13B07F8C1A680F5B00A75B9A /* Frameworks */,
				13B07F8E1A680F5B00A75B9A /* Resources */,
				00DD1BFF1BD5951E006B06BC /* Bundle React Native code and images */,
			);
			buildRules = (
			);
			dependencies = (
			);
			name = "app-iOS";
			productName = app;
			productReference = 13B07F961A680F5B00A75B9A /* app.app */;
			productType = "com.apple.product-type.application";
		};
		514201482437B4B30078DB4F /* app-macOS */ = {
			isa = PBXNativeTarget;
			buildConfigurationList = 5142015A2437B4B40078DB4F /* Build configuration list for PBXNativeTarget "app-macOS" */;
			buildPhases = (
				1A938104A937498D81B3BD3B /* [CP] Check Pods Manifest.lock */,
				381D8A6F24576A6C00465D17 /* Start Packager */,
				514201452437B4B30078DB4F /* Sources */,
				514201462437B4B30078DB4F /* Frameworks */,
				514201472437B4B30078DB4F /* Resources */,
				381D8A6E24576A4E00465D17 /* Bundle React Native code and images */,
				D3CC00B970A072FF39CB2CF6 /* [CP] Copy Pods Resources */,
				1C13A62768C8114039B89A17 /* [CP] Embed Pods Frameworks */,
			);
			buildRules = (
			);
			dependencies = (
			);
			name = "app-macOS";
			packageProductDependencies = (
				6A0EAA672C9FAB9C00D15362 /* LaunchAtLogin */,
			);
			productName = app;
			productReference = 514201492437B4B30078DB4F /* app.app */;
			productType = "com.apple.product-type.application";
		};
/* End PBXNativeTarget section */

/* Begin PBXProject section */
		83CBB9F71A601CBA00E9B192 /* Project object */ = {
			isa = PBXProject;
			attributes = {
				LastUpgradeCheck = 1130;
				TargetAttributes = {
					13B07F861A680F5B00A75B9A = {
						LastSwiftMigration = 1120;
					};
					514201482437B4B30078DB4F = {
						CreatedOnToolsVersion = 11.4;
						LastSwiftMigration = 1520;
						ProvisioningStyle = Automatic;
					};
				};
			};
			buildConfigurationList = 83CBB9FA1A601CBA00E9B192 /* Build configuration list for PBXProject "app" */;
			compatibilityVersion = "Xcode 3.2";
			developmentRegion = en;
			hasScannedForEncodings = 0;
			knownRegions = (
				en,
				Base,
			);
			mainGroup = 83CBB9F61A601CBA00E9B192;
			packageReferences = (
				6A0EAA662C9FAAF000D15362 /* XCRemoteSwiftPackageReference "LaunchAtLogin-Modern" */,
			);
			productRefGroup = 83CBBA001A601CBA00E9B192 /* Products */;
			projectDirPath = "";
			projectRoot = "";
			targets = (
				13B07F861A680F5B00A75B9A /* app-iOS */,
				514201482437B4B30078DB4F /* app-macOS */,
			);
		};
/* End PBXProject section */

/* Begin PBXResourcesBuildPhase section */
		13B07F8E1A680F5B00A75B9A /* Resources */ = {
			isa = PBXResourcesBuildPhase;
			buildActionMask = 2147483647;
			files = (
				77CDBF7E79E8926D1C043FC6 /* PrivacyInfo.xcprivacy in Resources */,
			);
			runOnlyForDeploymentPostprocessing = 0;
		};
		514201472437B4B30078DB4F /* Resources */ = {
			isa = PBXResourcesBuildPhase;
			buildActionMask = 2147483647;
			files = (
				514201522437B4B40078DB4F /* Assets.xcassets in Resources */,
				514201552437B4B40078DB4F /* Main.storyboard in Resources */,
				48FAC420B7714B25BF2F1AFD /* Inter-Black.otf in Resources */,
				DC9472ABEC48492FBC98B253 /* Inter-BlackItalic.otf in Resources */,
				68C71452E00543CDAE424EB6 /* Inter-Bold.otf in Resources */,
				079B7AED7258473092118FE7 /* Inter-BoldItalic.otf in Resources */,
				6597E88B9B254ED180405B7B /* Inter-ExtraBold.otf in Resources */,
				853B41492E5F4C6399FEB570 /* Inter-ExtraBoldItalic.otf in Resources */,
				A266CC5800914C44BBF75162 /* Inter-ExtraLight.otf in Resources */,
				BAB6E9EA8E3F453C8248FEAC /* Inter-ExtraLightItalic.otf in Resources */,
				D4086249BAA149708F7F43B6 /* Inter-Italic.otf in Resources */,
				0C8ABFFE7A40459EABAF0E10 /* Inter-Light.otf in Resources */,
				45E61921399C4AC080829AC3 /* Inter-LightItalic.otf in Resources */,
				E739698AE59D4D1289CB02E5 /* Inter-Medium.otf in Resources */,
				BFAC216587EC41859FC35685 /* Inter-MediumItalic.otf in Resources */,
				2D5D493EEB5A47C79F85BFA6 /* Inter-Regular.otf in Resources */,
				4376B774F7A6483CB5ABEB6F /* Inter-SemiBold.otf in Resources */,
				17497A695F0C4C0989D2A1DC /* Inter-SemiBoldItalic.otf in Resources */,
				0984AD642FA0404DB8C1FF70 /* Inter-Thin.otf in Resources */,
				D648F2E27B0843AA98FFEF36 /* Inter-ThinItalic.otf in Resources */,
				26E193C13EDC470A95BAD14C /* slkscr.ttf in Resources */,
				8D07192ECFC34111B46CB072 /* slkscrb.ttf in Resources */,
				96F29F1D022E4A818117F9D9 /* slkscr.woff in Resources */,
				93E2D85E9113BDDC750C09FD /* PrivacyInfo.xcprivacy in Resources */,
			);
			runOnlyForDeploymentPostprocessing = 0;
		};
/* End PBXResourcesBuildPhase section */

/* Begin PBXShellScriptBuildPhase section */
		00DD1BFF1BD5951E006B06BC /* Bundle React Native code and images */ = {
			isa = PBXShellScriptBuildPhase;
			buildActionMask = 2147483647;
			files = (
			);
			inputPaths = (
			);
			name = "Bundle React Native code and images";
			outputPaths = (
			);
			runOnlyForDeploymentPostprocessing = 0;
			shellPath = /bin/sh;
			shellScript = "export NODE_BINARY=node\n../node_modules/react-native-macos/scripts/react-native-xcode.sh\n";
		};
		1A938104A937498D81B3BD3B /* [CP] Check Pods Manifest.lock */ = {
			isa = PBXShellScriptBuildPhase;
			buildActionMask = 2147483647;
			files = (
			);
			inputFileListPaths = (
			);
			inputPaths = (
				"${PODS_PODFILE_DIR_PATH}/Podfile.lock",
				"${PODS_ROOT}/Manifest.lock",
			);
			name = "[CP] Check Pods Manifest.lock";
			outputFileListPaths = (
			);
			outputPaths = (
				"$(DERIVED_FILE_DIR)/Pods-app-macOS-checkManifestLockResult.txt",
			);
			runOnlyForDeploymentPostprocessing = 0;
			shellPath = /bin/sh;
			shellScript = "diff \"${PODS_PODFILE_DIR_PATH}/Podfile.lock\" \"${PODS_ROOT}/Manifest.lock\" > /dev/null\nif [ $? != 0 ] ; then\n    # print error to STDERR\n    echo \"error: The sandbox is not in sync with the Podfile.lock. Run 'pod install' or update your CocoaPods installation.\" >&2\n    exit 1\nfi\n# This output is used by Xcode 'outputs' to avoid re-running this script phase.\necho \"SUCCESS\" > \"${SCRIPT_OUTPUT_FILE_0}\"\n";
			showEnvVarsInLog = 0;
		};
		1C13A62768C8114039B89A17 /* [CP] Embed Pods Frameworks */ = {
			isa = PBXShellScriptBuildPhase;
			buildActionMask = 2147483647;
			files = (
			);
			inputPaths = (
				"${PODS_ROOT}/Target Support Files/Pods-app-macOS/Pods-app-macOS-frameworks.sh",
				"${PODS_ROOT}/hermes-engine/destroot/Library/Frameworks/macosx/hermes.framework",
			);
			name = "[CP] Embed Pods Frameworks";
			outputPaths = (
				"${TARGET_BUILD_DIR}/${FRAMEWORKS_FOLDER_PATH}/hermes.framework",
			);
			runOnlyForDeploymentPostprocessing = 0;
			shellPath = /bin/sh;
			shellScript = "\"${PODS_ROOT}/Target Support Files/Pods-app-macOS/Pods-app-macOS-frameworks.sh\"\n";
			showEnvVarsInLog = 0;
		};
		381D8A6E24576A4E00465D17 /* Bundle React Native code and images */ = {
			isa = PBXShellScriptBuildPhase;
			buildActionMask = 2147483647;
			files = (
			);
			inputFileListPaths = (
			);
			inputPaths = (
			);
			name = "Bundle React Native code and images";
			outputFileListPaths = (
			);
			outputPaths = (
			);
			runOnlyForDeploymentPostprocessing = 0;
			shellPath = /bin/sh;
			shellScript = "export NODE_BINARY=/Users/tjw/.nvm/versions/node/v18.15.0/bin/node\n../node_modules/react-native-macos/scripts/react-native-xcode.sh\n";
		};
		381D8A6F24576A6C00465D17 /* Start Packager */ = {
			isa = PBXShellScriptBuildPhase;
			buildActionMask = 2147483647;
			files = (
			);
			inputFileListPaths = (
			);
			inputPaths = (
			);
			name = "Start Packager";
			outputFileListPaths = (
			);
			outputPaths = (
			);
			runOnlyForDeploymentPostprocessing = 0;
			shellPath = /bin/sh;
			shellScript = "export RCT_METRO_PORT=\"${RCT_METRO_PORT:=8081}\"\necho \"export RCT_METRO_PORT=${RCT_METRO_PORT}\" > \"${SRCROOT}/../node_modules/react-native-macos/scripts/.packager.env\"\nif [ -z \"${RCT_NO_LAUNCH_PACKAGER+xxx}\" ] ; then\n  if nc -w 5 -z localhost ${RCT_METRO_PORT} ; then\n    if ! curl -s \"http://localhost:${RCT_METRO_PORT}/status\" | grep -q \"packager-status:running\" ; then\n      echo \"Port ${RCT_METRO_PORT} already in use, packager is either not running or not running correctly\"\n      exit 2\n    fi\n  else\n    open \"$SRCROOT/../node_modules/react-native-macos/scripts/launchPackager.command\" || echo \"Can't start packager automatically\"\n  fi\nfi\n";
		};
		D3CC00B970A072FF39CB2CF6 /* [CP] Copy Pods Resources */ = {
			isa = PBXShellScriptBuildPhase;
			buildActionMask = 2147483647;
			files = (
			);
			inputPaths = (
				"${PODS_ROOT}/Target Support Files/Pods-app-macOS/Pods-app-macOS-resources.sh",
				"${PODS_CONFIGURATION_BUILD_DIR}/RCT-Folly/RCT-Folly_privacy.bundle",
				"${PODS_CONFIGURATION_BUILD_DIR}/React-Core/React-Core_privacy.bundle",
				"${PODS_CONFIGURATION_BUILD_DIR}/React-cxxreact/React-cxxreact_privacy.bundle",
				"${PODS_CONFIGURATION_BUILD_DIR}/boost/boost_privacy.bundle",
				"${PODS_CONFIGURATION_BUILD_DIR}/glog/glog_privacy.bundle",
			);
			name = "[CP] Copy Pods Resources";
			outputPaths = (
				"${TARGET_BUILD_DIR}/${UNLOCALIZED_RESOURCES_FOLDER_PATH}/RCT-Folly_privacy.bundle",
				"${TARGET_BUILD_DIR}/${UNLOCALIZED_RESOURCES_FOLDER_PATH}/React-Core_privacy.bundle",
				"${TARGET_BUILD_DIR}/${UNLOCALIZED_RESOURCES_FOLDER_PATH}/React-cxxreact_privacy.bundle",
				"${TARGET_BUILD_DIR}/${UNLOCALIZED_RESOURCES_FOLDER_PATH}/boost_privacy.bundle",
				"${TARGET_BUILD_DIR}/${UNLOCALIZED_RESOURCES_FOLDER_PATH}/glog_privacy.bundle",
			);
			runOnlyForDeploymentPostprocessing = 0;
			shellPath = /bin/sh;
			shellScript = "\"${PODS_ROOT}/Target Support Files/Pods-app-macOS/Pods-app-macOS-resources.sh\"\n";
			showEnvVarsInLog = 0;
		};
		FD10A7F022414F080027D42C /* Start Packager */ = {
			isa = PBXShellScriptBuildPhase;
			buildActionMask = 2147483647;
			files = (
			);
			inputFileListPaths = (
			);
			inputPaths = (
			);
			name = "Start Packager";
			outputFileListPaths = (
			);
			outputPaths = (
			);
			runOnlyForDeploymentPostprocessing = 0;
			shellPath = /bin/sh;
			shellScript = "export RCT_METRO_PORT=\"${RCT_METRO_PORT:=8081}\"\necho \"export RCT_METRO_PORT=${RCT_METRO_PORT}\" > \"${SRCROOT}/../node_modules/react-native-macos/scripts/.packager.env\"\nif [ -z \"${RCT_NO_LAUNCH_PACKAGER+xxx}\" ] ; then\n  if nc -w 5 -z localhost ${RCT_METRO_PORT} ; then\n    if ! curl -s \"http://localhost:${RCT_METRO_PORT}/status\" | grep -q \"packager-status:running\" ; then\n      echo \"Port ${RCT_METRO_PORT} already in use, packager is either not running or not running correctly\"\n      exit 2\n    fi\n  else\n    open \"$SRCROOT/../node_modules/react-native-macos/scripts/launchPackager.command\" || echo \"Can't start packager automatically\"\n  fi\nfi\n";
			showEnvVarsInLog = 0;
		};
/* End PBXShellScriptBuildPhase section */

/* Begin PBXSourcesBuildPhase section */
		13B07F871A680F5B00A75B9A /* Sources */ = {
			isa = PBXSourcesBuildPhase;
			buildActionMask = 2147483647;
			files = (
			);
			runOnlyForDeploymentPostprocessing = 0;
		};
		514201452437B4B30078DB4F /* Sources */ = {
			isa = PBXSourcesBuildPhase;
			buildActionMask = 2147483647;
			files = (
				6A5C07292B6DE16A00DE9FFD /* AppBridge.swift in Sources */,
				6A5C07262B6D766000DE9FFD /* AppDelegate.swift in Sources */,
				6A0EAA632C9C9D1700D15362 /* MacAppDelegate.mm in Sources */,
				6A5C072E2B6ECD9F00DE9FFD /* NativeAppBridge.mm in Sources */,
			);
			runOnlyForDeploymentPostprocessing = 0;
		};
/* End PBXSourcesBuildPhase section */

/* Begin PBXVariantGroup section */
		514201532437B4B40078DB4F /* Main.storyboard */ = {
			isa = PBXVariantGroup;
			children = (
				514201542437B4B40078DB4F /* Base */,
			);
			name = Main.storyboard;
			sourceTree = "<group>";
		};
/* End PBXVariantGroup section */

/* Begin XCBuildConfiguration section */
		13B07F941A680F5B00A75B9A /* Debug */ = {
			isa = XCBuildConfiguration;
			buildSettings = {
				ASSETCATALOG_COMPILER_APPICON_NAME = AppIcon;
				CLANG_ENABLE_MODULES = YES;
				CURRENT_PROJECT_VERSION = 1;
				ENABLE_BITCODE = NO;
				INFOPLIST_FILE = "app-iOS/Info.plist";
				LD_RUNPATH_SEARCH_PATHS = (
					"$(inherited)",
					"@executable_path/Frameworks",
				);
				OTHER_LDFLAGS = (
					"$(inherited)",
					"-ObjC",
					"-lc++",
				);
				PRODUCT_BUNDLE_IDENTIFIER = "org.reactjs.native.$(PRODUCT_NAME:rfc1034identifier)";
				PRODUCT_NAME = app;
				SWIFT_OPTIMIZATION_LEVEL = "-Onone";
				SWIFT_VERSION = 5.0;
				VERSIONING_SYSTEM = "apple-generic";
			};
			name = Debug;
		};
		13B07F951A680F5B00A75B9A /* Release */ = {
			isa = XCBuildConfiguration;
			buildSettings = {
				ASSETCATALOG_COMPILER_APPICON_NAME = AppIcon;
				CLANG_ENABLE_MODULES = YES;
				CURRENT_PROJECT_VERSION = 1;
				INFOPLIST_FILE = "app-iOS/Info.plist";
				LD_RUNPATH_SEARCH_PATHS = (
					"$(inherited)",
					"@executable_path/Frameworks",
				);
				OTHER_LDFLAGS = (
					"$(inherited)",
					"-ObjC",
					"-lc++",
				);
				PRODUCT_BUNDLE_IDENTIFIER = "org.reactjs.native.$(PRODUCT_NAME:rfc1034identifier)";
				PRODUCT_NAME = app;
				SWIFT_VERSION = 5.0;
				VERSIONING_SYSTEM = "apple-generic";
			};
			name = Release;
		};
		5142015B2437B4B40078DB4F /* Debug */ = {
			isa = XCBuildConfiguration;
			baseConfigurationReference = 818AFAFCE2DE4473C592EA48 /* Pods-app-macOS.debug.xcconfig */;
			buildSettings = {
				ASSETCATALOG_COMPILER_APPICON_NAME = AppIcon;
				CLANG_ENABLE_MODULES = YES;
				CURRENT_PROJECT_VERSION = 1;
				DEAD_CODE_STRIPPING = NO;
				INFOPLIST_FILE = "app-macos/Info.plist";
				LD_RUNPATH_SEARCH_PATHS = (
					"$(inherited)",
					"@executable_path/Frameworks",
				);
				MACOSX_DEPLOYMENT_TARGET = 13.0;
				OTHER_LDFLAGS = (
					"$(inherited)",
					"-ObjC",
					"-lc++",
				);
				PRODUCT_BUNDLE_IDENTIFIER = "org.reactjs.native.$(PRODUCT_NAME:rfc1034identifier)";
				PRODUCT_NAME = app;
				SDKROOT = macosx;
				SWIFT_OBJC_BRIDGING_HEADER = "app-macOS/app-macOS-Bridging-Header.h";
				SWIFT_OPTIMIZATION_LEVEL = "-Onone";
				SWIFT_VERSION = 5.0;
			};
			name = Debug;
		};
		5142015C2437B4B40078DB4F /* Release */ = {
			isa = XCBuildConfiguration;
			baseConfigurationReference = D086D7CC1B6D9BF93794DE2A /* Pods-app-macOS.release.xcconfig */;
			buildSettings = {
				ASSETCATALOG_COMPILER_APPICON_NAME = AppIcon;
				CLANG_ENABLE_MODULES = YES;
				CURRENT_PROJECT_VERSION = 1;
				INFOPLIST_FILE = "app-macos/Info.plist";
				LD_RUNPATH_SEARCH_PATHS = (
					"$(inherited)",
					"@executable_path/Frameworks",
				);
				MACOSX_DEPLOYMENT_TARGET = 13.0;
				OTHER_LDFLAGS = (
					"$(inherited)",
					"-ObjC",
					"-lc++",
				);
				PRODUCT_BUNDLE_IDENTIFIER = "org.reactjs.native.$(PRODUCT_NAME:rfc1034identifier)";
				PRODUCT_NAME = app;
				SDKROOT = macosx;
				SWIFT_OBJC_BRIDGING_HEADER = "app-macOS/app-macOS-Bridging-Header.h";
				SWIFT_VERSION = 5.0;
			};
			name = Release;
		};
		83CBBA201A601CBA00E9B192 /* Debug */ = {
			isa = XCBuildConfiguration;
			buildSettings = {
				ALWAYS_SEARCH_USER_PATHS = NO;
				CC = "";
				CLANG_ANALYZER_LOCALIZABILITY_NONLOCALIZED = YES;
				CLANG_CXX_LANGUAGE_STANDARD = "c++20";
				CLANG_CXX_LIBRARY = "libc++";
				CLANG_ENABLE_MODULES = YES;
				CLANG_ENABLE_OBJC_ARC = YES;
				CLANG_WARN_BLOCK_CAPTURE_AUTORELEASING = YES;
				CLANG_WARN_BOOL_CONVERSION = YES;
				CLANG_WARN_COMMA = YES;
				CLANG_WARN_CONSTANT_CONVERSION = YES;
				CLANG_WARN_DEPRECATED_OBJC_IMPLEMENTATIONS = YES;
				CLANG_WARN_DIRECT_OBJC_ISA_USAGE = YES_ERROR;
				CLANG_WARN_EMPTY_BODY = YES;
				CLANG_WARN_ENUM_CONVERSION = YES;
				CLANG_WARN_INFINITE_RECURSION = YES;
				CLANG_WARN_INT_CONVERSION = YES;
				CLANG_WARN_NON_LITERAL_NULL_CONVERSION = YES;
				CLANG_WARN_OBJC_IMPLICIT_RETAIN_SELF = YES;
				CLANG_WARN_OBJC_LITERAL_CONVERSION = YES;
				CLANG_WARN_OBJC_ROOT_CLASS = YES_ERROR;
				CLANG_WARN_RANGE_LOOP_ANALYSIS = YES;
				CLANG_WARN_STRICT_PROTOTYPES = YES;
				CLANG_WARN_SUSPICIOUS_MOVE = YES;
				CLANG_WARN_UNREACHABLE_CODE = YES;
				CLANG_WARN__DUPLICATE_METHOD_MATCH = YES;
				"CODE_SIGN_IDENTITY[sdk=iphoneos*]" = "iPhone Developer";
				COPY_PHASE_STRIP = NO;
				CXX = "";
				ENABLE_STRICT_OBJC_MSGSEND = YES;
				ENABLE_TESTABILITY = YES;
				"EXCLUDED_ARCHS[sdk=iphonesimulator*]" = i386;
				GCC_C_LANGUAGE_STANDARD = gnu99;
				GCC_DYNAMIC_NO_PIC = NO;
				GCC_NO_COMMON_BLOCKS = YES;
				GCC_OPTIMIZATION_LEVEL = 0;
				GCC_PREPROCESSOR_DEFINITIONS = (
					"DEBUG=1",
					"$(inherited)",
					_LIBCPP_ENABLE_CXX17_REMOVED_UNARY_BINARY_FUNCTION,
				);
				GCC_SYMBOLS_PRIVATE_EXTERN = NO;
				GCC_WARN_64_TO_32_BIT_CONVERSION = YES;
				GCC_WARN_ABOUT_RETURN_TYPE = YES_ERROR;
				GCC_WARN_UNDECLARED_SELECTOR = YES;
				GCC_WARN_UNINITIALIZED_AUTOS = YES_AGGRESSIVE;
				GCC_WARN_UNUSED_FUNCTION = YES;
				GCC_WARN_UNUSED_VARIABLE = YES;
				IPHONEOS_DEPLOYMENT_TARGET = 9.0;
				LD = "";
				LDPLUSPLUS = "";
				LD_RUNPATH_SEARCH_PATHS = (
					/usr/lib/swift,
					"$(inherited)",
				);
				LIBRARY_SEARCH_PATHS = (
					"$(SDKROOT)/usr/lib/swift",
					"\"$(TOOLCHAIN_DIR)/usr/lib/swift/$(PLATFORM_NAME)\"",
					"\"$(inherited)\"",
				);
				MTL_ENABLE_DEBUG_INFO = YES;
				ONLY_ACTIVE_ARCH = YES;
				OTHER_CFLAGS = "$(inherited)";
				OTHER_CPLUSPLUSFLAGS = "$(inherited)";
				OTHER_LDFLAGS = "$(inherited)";
				"OTHER_SWIFT_FLAGS[arch=*]" = "-DDEBUG";
				REACT_NATIVE_PATH = "${PODS_ROOT}/../../node_modules/react-native";
				SDKROOT = iphoneos;
				SWIFT_ACTIVE_COMPILATION_CONDITIONS = "$(inherited) DEBUG";
				USE_HERMES = true;
			};
			name = Debug;
		};
		83CBBA211A601CBA00E9B192 /* Release */ = {
			isa = XCBuildConfiguration;
			buildSettings = {
				ALWAYS_SEARCH_USER_PATHS = NO;
				CC = "";
				CLANG_ANALYZER_LOCALIZABILITY_NONLOCALIZED = YES;
				CLANG_CXX_LANGUAGE_STANDARD = "c++20";
				CLANG_CXX_LIBRARY = "libc++";
				CLANG_ENABLE_MODULES = YES;
				CLANG_ENABLE_OBJC_ARC = YES;
				CLANG_WARN_BLOCK_CAPTURE_AUTORELEASING = YES;
				CLANG_WARN_BOOL_CONVERSION = YES;
				CLANG_WARN_COMMA = YES;
				CLANG_WARN_CONSTANT_CONVERSION = YES;
				CLANG_WARN_DEPRECATED_OBJC_IMPLEMENTATIONS = YES;
				CLANG_WARN_DIRECT_OBJC_ISA_USAGE = YES_ERROR;
				CLANG_WARN_EMPTY_BODY = YES;
				CLANG_WARN_ENUM_CONVERSION = YES;
				CLANG_WARN_INFINITE_RECURSION = YES;
				CLANG_WARN_INT_CONVERSION = YES;
				CLANG_WARN_NON_LITERAL_NULL_CONVERSION = YES;
				CLANG_WARN_OBJC_IMPLICIT_RETAIN_SELF = YES;
				CLANG_WARN_OBJC_LITERAL_CONVERSION = YES;
				CLANG_WARN_OBJC_ROOT_CLASS = YES_ERROR;
				CLANG_WARN_RANGE_LOOP_ANALYSIS = YES;
				CLANG_WARN_STRICT_PROTOTYPES = YES;
				CLANG_WARN_SUSPICIOUS_MOVE = YES;
				CLANG_WARN_UNREACHABLE_CODE = YES;
				CLANG_WARN__DUPLICATE_METHOD_MATCH = YES;
				"CODE_SIGN_IDENTITY[sdk=iphoneos*]" = "iPhone Developer";
				COPY_PHASE_STRIP = YES;
				CXX = "";
				ENABLE_NS_ASSERTIONS = NO;
				ENABLE_STRICT_OBJC_MSGSEND = YES;
				"EXCLUDED_ARCHS[sdk=iphonesimulator*]" = i386;
				GCC_C_LANGUAGE_STANDARD = gnu99;
				GCC_NO_COMMON_BLOCKS = YES;
				GCC_PREPROCESSOR_DEFINITIONS = (
					"$(inherited)",
					_LIBCPP_ENABLE_CXX17_REMOVED_UNARY_BINARY_FUNCTION,
				);
				GCC_WARN_64_TO_32_BIT_CONVERSION = YES;
				GCC_WARN_ABOUT_RETURN_TYPE = YES_ERROR;
				GCC_WARN_UNDECLARED_SELECTOR = YES;
				GCC_WARN_UNINITIALIZED_AUTOS = YES_AGGRESSIVE;
				GCC_WARN_UNUSED_FUNCTION = YES;
				GCC_WARN_UNUSED_VARIABLE = YES;
				IPHONEOS_DEPLOYMENT_TARGET = 9.0;
				LD = "";
				LDPLUSPLUS = "";
				LD_RUNPATH_SEARCH_PATHS = (
					/usr/lib/swift,
					"$(inherited)",
				);
				LIBRARY_SEARCH_PATHS = (
					"$(SDKROOT)/usr/lib/swift",
					"\"$(TOOLCHAIN_DIR)/usr/lib/swift/$(PLATFORM_NAME)\"",
					"\"$(inherited)\"",
				);
				MTL_ENABLE_DEBUG_INFO = NO;
				OTHER_CFLAGS = "$(inherited)";
				OTHER_CPLUSPLUSFLAGS = "$(inherited)";
				OTHER_LDFLAGS = "$(inherited)";
				REACT_NATIVE_PATH = "${PODS_ROOT}/../../node_modules/react-native";
				SDKROOT = iphoneos;
				USE_HERMES = true;
				VALIDATE_PRODUCT = YES;
			};
			name = Release;
		};
/* End XCBuildConfiguration section */

/* Begin XCConfigurationList section */
		13B07F931A680F5B00A75B9A /* Build configuration list for PBXNativeTarget "app-iOS" */ = {
			isa = XCConfigurationList;
			buildConfigurations = (
				13B07F941A680F5B00A75B9A /* Debug */,
				13B07F951A680F5B00A75B9A /* Release */,
			);
			defaultConfigurationIsVisible = 0;
			defaultConfigurationName = Release;
		};
		5142015A2437B4B40078DB4F /* Build configuration list for PBXNativeTarget "app-macOS" */ = {
			isa = XCConfigurationList;
			buildConfigurations = (
				5142015B2437B4B40078DB4F /* Debug */,
				5142015C2437B4B40078DB4F /* Release */,
			);
			defaultConfigurationIsVisible = 0;
			defaultConfigurationName = Release;
		};
		83CBB9FA1A601CBA00E9B192 /* Build configuration list for PBXProject "app" */ = {
			isa = XCConfigurationList;
			buildConfigurations = (
				83CBBA201A601CBA00E9B192 /* Debug */,
				83CBBA211A601CBA00E9B192 /* Release */,
			);
			defaultConfigurationIsVisible = 0;
			defaultConfigurationName = Release;
		};
/* End XCConfigurationList section */

/* Begin XCRemoteSwiftPackageReference section */
		6A0EAA662C9FAAF000D15362 /* XCRemoteSwiftPackageReference "LaunchAtLogin-Modern" */ = {
			isa = XCRemoteSwiftPackageReference;
			repositoryURL = "https://github.com/sindresorhus/LaunchAtLogin-Modern";
			requirement = {
				branch = main;
				kind = branch;
			};
		};
/* End XCRemoteSwiftPackageReference section */

/* Begin XCSwiftPackageProductDependency section */
		6A0EAA672C9FAB9C00D15362 /* LaunchAtLogin */ = {
			isa = XCSwiftPackageProductDependency;
			package = 6A0EAA662C9FAAF000D15362 /* XCRemoteSwiftPackageReference "LaunchAtLogin-Modern" */;
			productName = LaunchAtLogin;
		};
/* End XCSwiftPackageProductDependency section */
	};
	rootObject = 83CBB9F71A601CBA00E9B192 /* Project object */;
}
